
Microsoft Visual Studio Solution File, Format Version 12.00
# Visual Studio Version 17
VisualStudioVersion = 17.8.34525.116
MinimumVisualStudioVersion = 10.0.40219.1
Project("{FAE04EC0-301F-11D3-BF4B-00C04F79EFBC}") = "ConsoleUI", "ConsoleUI\ConsoleUI.csproj", "{4CD05D3C-2B60-4EE4-9512-226BB644E98A}"
EndProject
Global
	GlobalSection(SolutionConfigurationPlatforms) = preSolution
		Debug|Any CPU = Debug|Any CPU
		Release|Any CPU = Release|Any CPU
	EndGlobalSection
	GlobalSection(ProjectConfigurationPlatforms) = postSolution
		{4CD05D3C-2B60-4EE4-9512-226BB644E98A}.Debug|Any CPU.ActiveCfg = Debug|Any CPU
		{4CD05D3C-2B60-4EE4-9512-226BB644E98A}.Debug|Any CPU.Build.0 = Debug|Any CPU
		{4CD05D3C-2B60-4EE4-9512-226BB644E98A}.Release|Any CPU.ActiveCfg = Release|Any CPU
		{4CD05D3C-2B60-4EE4-9512-226BB644E98A}.Release|Any CPU.Build.0 = Release|Any CPU
	EndGlobalSection
	GlobalSection(SolutionProperties) = preSolution
		HideSolutionNode = FALSE
	EndGlobalSection
	GlobalSection(ExtensibilityGlobals) = postSolution
		SolutionGuid = {6E3F4F0E-8827-4974-A1D5-AA5DC6C70785}
	EndGlobalSection
EndGlobal
